
Microsoft Visual Studio Solution File, Format Version 12.00
# Visual Studio Version 16
VisualStudioVersion = 16.0.31112.23
MinimumVisualStudioVersion = 10.0.40219.1
Project("{FAE04EC0-301F-11D3-BF4B-00C04F79EFBC}") = "Sever", "Sever\Sever.csproj", "{E8922D3B-25F7-4762-B77D-436DACDDD2EE}"
EndProject
Global
	GlobalSection(SolutionConfigurationPlatforms) = preSolution
		Debug|Any CPU = Debug|Any CPU
		Release|Any CPU = Release|Any CPU
	EndGlobalSection
	GlobalSection(ProjectConfigurationPlatforms) = postSolution
		{E8922D3B-25F7-4762-B77D-436DACDDD2EE}.Debug|Any CPU.ActiveCfg = Debug|Any CPU
		{E8922D3B-25F7-4762-B77D-436DACDDD2EE}.Debug|Any CPU.Build.0 = Debug|Any CPU
		{E8922D3B-25F7-4762-B77D-436DACDDD2EE}.Release|Any CPU.ActiveCfg = Release|Any CPU
		{E8922D3B-25F7-4762-B77D-436DACDDD2EE}.Release|Any CPU.Build.0 = Release|Any CPU
	EndGlobalSection
	GlobalSection(SolutionProperties) = preSolution
		HideSolutionNode = FALSE
	EndGlobalSection
	GlobalSection(ExtensibilityGlobals) = postSolution
		SolutionGuid = {24483EED-C01A-43A2-B25D-FB074BF4E3A9}
	EndGlobalSection
EndGlobal
