
Microsoft Visual Studio Solution File, Format Version 12.00
# Visual Studio Version 16
VisualStudioVersion = 16.0.31112.23
MinimumVisualStudioVersion = 10.0.40219.1
Project("{FAE04EC0-301F-11D3-BF4B-00C04F79EFBC}") = "await_async", "await_async\await_async.csproj", "{E210FBB8-95C5-4348-8070-A0E7CB377BFC}"
EndProject
Global
	GlobalSection(SolutionConfigurationPlatforms) = preSolution
		Debug|Any CPU = Debug|Any CPU
		Release|Any CPU = Release|Any CPU
	EndGlobalSection
	GlobalSection(ProjectConfigurationPlatforms) = postSolution
		{E210FBB8-95C5-4348-8070-A0E7CB377BFC}.Debug|Any CPU.ActiveCfg = Debug|Any CPU
		{E210FBB8-95C5-4348-8070-A0E7CB377BFC}.Debug|Any CPU.Build.0 = Debug|Any CPU
		{E210FBB8-95C5-4348-8070-A0E7CB377BFC}.Release|Any CPU.ActiveCfg = Release|Any CPU
		{E210FBB8-95C5-4348-8070-A0E7CB377BFC}.Release|Any CPU.Build.0 = Release|Any CPU
	EndGlobalSection
	GlobalSection(SolutionProperties) = preSolution
		HideSolutionNode = FALSE
	EndGlobalSection
	GlobalSection(ExtensibilityGlobals) = postSolution
		SolutionGuid = {2D1AA2B9-BDC6-48A3-8EE3-9823D406A1FD}
	EndGlobalSection
EndGlobal
